// !$*UTF8*$!
{
	archiveVersion = 1;
	classes = {
	};
	objectVersion = 50;
	objects = {

/* Begin PBXBuildFile section */
		4659693C26D2419A00D7D658 /* AppDelegate.swift in Sources */ = {isa = PBXBuildFile; fileRef = 4659693B26D2419A00D7D658 /* AppDelegate.swift */; };
		4659693E26D2419A00D7D658 /* SceneDelegate.swift in Sources */ = {isa = PBXBuildFile; fileRef = 4659693D26D2419A00D7D658 /* SceneDelegate.swift */; };
		4659694026D2419A00D7D658 /* ViewController.swift in Sources */ = {isa = PBXBuildFile; fileRef = 4659693F26D2419A00D7D658 /* ViewController.swift */; };
		4659694326D2419A00D7D658 /* Main.storyboard in Resources */ = {isa = PBXBuildFile; fileRef = 4659694126D2419A00D7D658 /* Main.storyboard */; };
		4659694526D2419D00D7D658 /* Assets.xcassets in Resources */ = {isa = PBXBuildFile; fileRef = 4659694426D2419D00D7D658 /* Assets.xcassets */; };
		4659694826D2419D00D7D658 /* LaunchScreen.storyboard in Resources */ = {isa = PBXBuildFile; fileRef = 4659694626D2419D00D7D658 /* LaunchScreen.storyboard */; };
		4659695326D2419D00D7D658 /* TechPodTests.swift in Sources */ = {isa = PBXBuildFile; fileRef = 4659695226D2419D00D7D658 /* TechPodTests.swift */; };
		4659695E26D2419D00D7D658 /* TechPodUITests.swift in Sources */ = {isa = PBXBuildFile; fileRef = 4659695D26D2419D00D7D658 /* TechPodUITests.swift */; };
		4659697826D24C8E00D7D658 /* cannon.mp3 in Resources */ = {isa = PBXBuildFile; fileRef = 4659697126D24C8E00D7D658 /* cannon.mp3 */; };
		4659697926D24C8E00D7D658 /* elise.mp3 in Resources */ = {isa = PBXBuildFile; fileRef = 4659697226D24C8E00D7D658 /* elise.mp3 */; };
		4659697A26D24C8E00D7D658 /* aria.mp3 in Resources */ = {isa = PBXBuildFile; fileRef = 4659697326D24C8E00D7D658 /* aria.mp3 */; };
		4659697B26D24C8E00D7D658 /* Beethoven.jpg in Resources */ = {isa = PBXBuildFile; fileRef = 4659697526D24C8E00D7D658 /* Beethoven.jpg */; };
		4659697C26D24C8E00D7D658 /* Pachelbel.jpg in Resources */ = {isa = PBXBuildFile; fileRef = 4659697626D24C8E00D7D658 /* Pachelbel.jpg */; };
		4659697D26D24C8E00D7D658 /* Bach.jpg in Resources */ = {isa = PBXBuildFile; fileRef = 4659697726D24C8E00D7D658 /* Bach.jpg */; };
/* End PBXBuildFile section */

/* Begin PBXContainerItemProxy section */
		4659694F26D2419D00D7D658 /* PBXContainerItemProxy */ = {
			isa = PBXContainerItemProxy;
			containerPortal = 4659693026D2419A00D7D658 /* Project object */;
			proxyType = 1;
			remoteGlobalIDString = 4659693726D2419A00D7D658;
			remoteInfo = TechPod;
		};
		4659695A26D2419D00D7D658 /* PBXContainerItemProxy */ = {
			isa = PBXContainerItemProxy;
			containerPortal = 4659693026D2419A00D7D658 /* Project object */;
			proxyType = 1;
			remoteGlobalIDString = 4659693726D2419A00D7D658;
			remoteInfo = TechPod;
		};
/* End PBXContainerItemProxy section */

/* Begin PBXFileReference section */
		4659693826D2419A00D7D658 /* TechPod.app */ = {isa = PBXFileReference; explicitFileType = wrapper.application; includeInIndex = 0; path = TechPod.app; sourceTree = BUILT_PRODUCTS_DIR; };
		4659693B26D2419A00D7D658 /* AppDelegate.swift */ = {isa = PBXFileReference; lastKnownFileType = sourcecode.swift; path = AppDelegate.swift; sourceTree = "<group>"; };
		4659693D26D2419A00D7D658 /* SceneDelegate.swift */ = {isa = PBXFileReference; lastKnownFileType = sourcecode.swift; path = SceneDelegate.swift; sourceTree = "<group>"; };
		4659693F26D2419A00D7D658 /* ViewController.swift */ = {isa = PBXFileReference; lastKnownFileType = sourcecode.swift; path = ViewController.swift; sourceTree = "<group>"; };
		4659694226D2419A00D7D658 /* Base */ = {isa = PBXFileReference; lastKnownFileType = file.storyboard; name = Base; path = Base.lproj/Main.storyboard; sourceTree = "<group>"; };
		4659694426D2419D00D7D658 /* Assets.xcassets */ = {isa = PBXFileReference; lastKnownFileType = folder.assetcatalog; path = Assets.xcassets; sourceTree = "<group>"; };
		4659694726D2419D00D7D658 /* Base */ = {isa = PBXFileReference; lastKnownFileType = file.storyboard; name = Base; path = Base.lproj/LaunchScreen.storyboard; sourceTree = "<group>"; };
		4659694926D2419D00D7D658 /* Info.plist */ = {isa = PBXFileReference; lastKnownFileType = text.plist.xml; path = Info.plist; sourceTree = "<group>"; };
		4659694E26D2419D00D7D658 /* TechPodTests.xctest */ = {isa = PBXFileReference; explicitFileType = wrapper.cfbundle; includeInIndex = 0; path = TechPodTests.xctest; sourceTree = BUILT_PRODUCTS_DIR; };
		4659695226D2419D00D7D658 /* TechPodTests.swift */ = {isa = PBXFileReference; lastKnownFileType = sourcecode.swift; path = TechPodTests.swift; sourceTree = "<group>"; };
		4659695426D2419D00D7D658 /* Info.plist */ = {isa = PBXFileReference; lastKnownFileType = text.plist.xml; path = Info.plist; sourceTree = "<group>"; };
		4659695926D2419D00D7D658 /* TechPodUITests.xctest */ = {isa = PBXFileReference; explicitFileType = wrapper.cfbundle; includeInIndex = 0; path = TechPodUITests.xctest; sourceTree = BUILT_PRODUCTS_DIR; };
		4659695D26D2419D00D7D658 /* TechPodUITests.swift */ = {isa = PBXFileReference; lastKnownFileType = sourcecode.swift; path = TechPodUITests.swift; sourceTree = "<group>"; };
		4659695F26D2419D00D7D658 /* Info.plist */ = {isa = PBXFileReference; lastKnownFileType = text.plist.xml; path = Info.plist; sourceTree = "<group>"; };
		4659697126D24C8E00D7D658 /* cannon.mp3 */ = {isa = PBXFileReference; lastKnownFileType = audio.mp3; path = cannon.mp3; sourceTree = "<group>"; };
		4659697226D24C8E00D7D658 /* elise.mp3 */ = {isa = PBXFileReference; lastKnownFileType = audio.mp3; path = elise.mp3; sourceTree = "<group>"; };
		4659697326D24C8E00D7D658 /* aria.mp3 */ = {isa = PBXFileReference; lastKnownFileType = audio.mp3; path = aria.mp3; sourceTree = "<group>"; };
		4659697526D24C8E00D7D658 /* Beethoven.jpg */ = {isa = PBXFileReference; lastKnownFileType = image.jpeg; path = Beethoven.jpg; sourceTree = "<group>"; };
		4659697626D24C8E00D7D658 /* Pachelbel.jpg */ = {isa = PBXFileReference; lastKnownFileType = image.jpeg; path = Pachelbel.jpg; sourceTree = "<group>"; };
		4659697726D24C8E00D7D658 /* Bach.jpg */ = {isa = PBXFileReference; lastKnownFileType = image.jpeg; path = Bach.jpg; sourceTree = "<group>"; };
/* End PBXFileReference section */

/* Begin PBXFrameworksBuildPhase section */
		4659693526D2419A00D7D658 /* Frameworks */ = {
			isa = PBXFrameworksBuildPhase;
			buildActionMask = 2147483647;
			files = (
			);
			runOnlyForDeploymentPostprocessing = 0;
		};
		4659694B26D2419D00D7D658 /* Frameworks */ = {
			isa = PBXFrameworksBuildPhase;
			buildActionMask = 2147483647;
			files = (
			);
			runOnlyForDeploymentPostprocessing = 0;
		};
		4659695626D2419D00D7D658 /* Frameworks */ = {
			isa = PBXFrameworksBuildPhase;
			buildActionMask = 2147483647;
			files = (
			);
			runOnlyForDeploymentPostprocessing = 0;
		};
/* End PBXFrameworksBuildPhase section */

/* Begin PBXGroup section */
		4659692F26D2419A00D7D658 = {
			isa = PBXGroup;
			children = (
				4659693A26D2419A00D7D658 /* TechPod */,
				4659695126D2419D00D7D658 /* TechPodTests */,
				4659695C26D2419D00D7D658 /* TechPodUITests */,
				4659693926D2419A00D7D658 /* Products */,
			);
			sourceTree = "<group>";
		};
		4659693926D2419A00D7D658 /* Products */ = {
			isa = PBXGroup;
			children = (
				4659693826D2419A00D7D658 /* TechPod.app */,
				4659694E26D2419D00D7D658 /* TechPodTests.xctest */,
				4659695926D2419D00D7D658 /* TechPodUITests.xctest */,
			);
			name = Products;
			sourceTree = "<group>";
		};
		4659693A26D2419A00D7D658 /* TechPod */ = {
			isa = PBXGroup;
			children = (
				4659696F26D24C8E00D7D658 /* Resources */,
				4659693B26D2419A00D7D658 /* AppDelegate.swift */,
				4659693D26D2419A00D7D658 /* SceneDelegate.swift */,
				4659693F26D2419A00D7D658 /* ViewController.swift */,
				4659694126D2419A00D7D658 /* Main.storyboard */,
				4659694426D2419D00D7D658 /* Assets.xcassets */,
				4659694626D2419D00D7D658 /* LaunchScreen.storyboard */,
				4659694926D2419D00D7D658 /* Info.plist */,
			);
			path = TechPod;
			sourceTree = "<group>";
		};
		4659695126D2419D00D7D658 /* TechPodTests */ = {
			isa = PBXGroup;
			children = (
				4659695226D2419D00D7D658 /* TechPodTests.swift */,
				4659695426D2419D00D7D658 /* Info.plist */,
			);
			path = TechPodTests;
			sourceTree = "<group>";
		};
		4659695C26D2419D00D7D658 /* TechPodUITests */ = {
			isa = PBXGroup;
			children = (
				4659695D26D2419D00D7D658 /* TechPodUITests.swift */,
				4659695F26D2419D00D7D658 /* Info.plist */,
			);
			path = TechPodUITests;
			sourceTree = "<group>";
		};
		4659696F26D24C8E00D7D658 /* Resources */ = {
			isa = PBXGroup;
			children = (
				4659697026D24C8E00D7D658 /* Songs */,
				4659697426D24C8E00D7D658 /* Images */,
			);
			path = Resources;
			sourceTree = "<group>";
		};
		4659697026D24C8E00D7D658 /* Songs */ = {
			isa = PBXGroup;
			children = (
				4659697126D24C8E00D7D658 /* cannon.mp3 */,
				4659697226D24C8E00D7D658 /* elise.mp3 */,
				4659697326D24C8E00D7D658 /* aria.mp3 */,
			);
			path = Songs;
			sourceTree = "<group>";
		};
		4659697426D24C8E00D7D658 /* Images */ = {
			isa = PBXGroup;
			children = (
				4659697526D24C8E00D7D658 /* Beethoven.jpg */,
				4659697626D24C8E00D7D658 /* Pachelbel.jpg */,
				4659697726D24C8E00D7D658 /* Bach.jpg */,
			);
			path = Images;
			sourceTree = "<group>";
		};
/* End PBXGroup section */

/* Begin PBXNativeTarget section */
		4659693726D2419A00D7D658 /* TechPod */ = {
			isa = PBXNativeTarget;
			buildConfigurationList = 4659696226D2419D00D7D658 /* Build configuration list for PBXNativeTarget "TechPod" */;
			buildPhases = (
				4659693426D2419A00D7D658 /* Sources */,
				4659693526D2419A00D7D658 /* Frameworks */,
				4659693626D2419A00D7D658 /* Resources */,
			);
			buildRules = (
			);
			dependencies = (
			);
			name = TechPod;
			productName = TechPod;
			productReference = 4659693826D2419A00D7D658 /* TechPod.app */;
			productType = "com.apple.product-type.application";
		};
		4659694D26D2419D00D7D658 /* TechPodTests */ = {
			isa = PBXNativeTarget;
			buildConfigurationList = 4659696526D2419D00D7D658 /* Build configuration list for PBXNativeTarget "TechPodTests" */;
			buildPhases = (
				4659694A26D2419D00D7D658 /* Sources */,
				4659694B26D2419D00D7D658 /* Frameworks */,
				4659694C26D2419D00D7D658 /* Resources */,
			);
			buildRules = (
			);
			dependencies = (
				4659695026D2419D00D7D658 /* PBXTargetDependency */,
			);
			name = TechPodTests;
			productName = TechPodTests;
			productReference = 4659694E26D2419D00D7D658 /* TechPodTests.xctest */;
			productType = "com.apple.product-type.bundle.unit-test";
		};
		4659695826D2419D00D7D658 /* TechPodUITests */ = {
			isa = PBXNativeTarget;
			buildConfigurationList = 4659696826D2419D00D7D658 /* Build configuration list for PBXNativeTarget "TechPodUITests" */;
			buildPhases = (
				4659695526D2419D00D7D658 /* Sources */,
				4659695626D2419D00D7D658 /* Frameworks */,
				4659695726D2419D00D7D658 /* Resources */,
			);
			buildRules = (
			);
			dependencies = (
				4659695B26D2419D00D7D658 /* PBXTargetDependency */,
			);
			name = TechPodUITests;
			productName = TechPodUITests;
			productReference = 4659695926D2419D00D7D658 /* TechPodUITests.xctest */;
			productType = "com.apple.product-type.bundle.ui-testing";
		};
/* End PBXNativeTarget section */

/* Begin PBXProject section */
		4659693026D2419A00D7D658 /* Project object */ = {
			isa = PBXProject;
			attributes = {
				LastSwiftUpdateCheck = 1240;
				LastUpgradeCheck = 1240;
				TargetAttributes = {
					4659693726D2419A00D7D658 = {
						CreatedOnToolsVersion = 12.4;
					};
					4659694D26D2419D00D7D658 = {
						CreatedOnToolsVersion = 12.4;
						TestTargetID = 4659693726D2419A00D7D658;
					};
					4659695826D2419D00D7D658 = {
						CreatedOnToolsVersion = 12.4;
						TestTargetID = 4659693726D2419A00D7D658;
					};
				};
			};
			buildConfigurationList = 4659693326D2419A00D7D658 /* Build configuration list for PBXProject "TechPod" */;
			compatibilityVersion = "Xcode 9.3";
			developmentRegion = en;
			hasScannedForEncodings = 0;
			knownRegions = (
				en,
				Base,
			);
			mainGroup = 4659692F26D2419A00D7D658;
			productRefGroup = 4659693926D2419A00D7D658 /* Products */;
			projectDirPath = "";
			projectRoot = "";
			targets = (
				4659693726D2419A00D7D658 /* TechPod */,
				4659694D26D2419D00D7D658 /* TechPodTests */,
				4659695826D2419D00D7D658 /* TechPodUITests */,
			);
		};
/* End PBXProject section */

/* Begin PBXResourcesBuildPhase section */
		4659693626D2419A00D7D658 /* Resources */ = {
			isa = PBXResourcesBuildPhase;
			buildActionMask = 2147483647;
			files = (
				4659694826D2419D00D7D658 /* LaunchScreen.storyboard in Resources */,
				4659697826D24C8E00D7D658 /* cannon.mp3 in Resources */,
				4659697D26D24C8E00D7D658 /* Bach.jpg in Resources */,
				4659697926D24C8E00D7D658 /* elise.mp3 in Resources */,
				4659694526D2419D00D7D658 /* Assets.xcassets in Resources */,
				4659697C26D24C8E00D7D658 /* Pachelbel.jpg in Resources */,
				4659694326D2419A00D7D658 /* Main.storyboard in Resources */,
				4659697A26D24C8E00D7D658 /* aria.mp3 in Resources */,
				4659697B26D24C8E00D7D658 /* Beethoven.jpg in Resources */,
			);
			runOnlyForDeploymentPostprocessing = 0;
		};
		4659694C26D2419D00D7D658 /* Resources */ = {
			isa = PBXResourcesBuildPhase;
			buildActionMask = 2147483647;
			files = (
			);
			runOnlyForDeploymentPostprocessing = 0;
		};
		4659695726D2419D00D7D658 /* Resources */ = {
			isa = PBXResourcesBuildPhase;
			buildActionMask = 2147483647;
			files = (
			);
			runOnlyForDeploymentPostprocessing = 0;
		};
/* End PBXResourcesBuildPhase section */

/* Begin PBXSourcesBuildPhase section */
		4659693426D2419A00D7D658 /* Sources */ = {
			isa = PBXSourcesBuildPhase;
			buildActionMask = 2147483647;
			files = (
				4659694026D2419A00D7D658 /* ViewController.swift in Sources */,
				4659693C26D2419A00D7D658 /* AppDelegate.swift in Sources */,
				4659693E26D2419A00D7D658 /* SceneDelegate.swift in Sources */,
			);
			runOnlyForDeploymentPostprocessing = 0;
		};
		4659694A26D2419D00D7D658 /* Sources */ = {
			isa = PBXSourcesBuildPhase;
			buildActionMask = 2147483647;
			files = (
				4659695326D2419D00D7D658 /* TechPodTests.swift in Sources */,
			);
			runOnlyForDeploymentPostprocessing = 0;
		};
		4659695526D2419D00D7D658 /* Sources */ = {
			isa = PBXSourcesBuildPhase;
			buildActionMask = 2147483647;
			files = (
				4659695E26D2419D00D7D658 /* TechPodUITests.swift in Sources */,
			);
			runOnlyForDeploymentPostprocessing = 0;
		};
/* End PBXSourcesBuildPhase section */

/* Begin PBXTargetDependency section */
		4659695026D2419D00D7D658 /* PBXTargetDependency */ = {
			isa = PBXTargetDependency;
			target = 4659693726D2419A00D7D658 /* TechPod */;
			targetProxy = 4659694F26D2419D00D7D658 /* PBXContainerItemProxy */;
		};
		4659695B26D2419D00D7D658 /* PBXTargetDependency */ = {
			isa = PBXTargetDependency;
			target = 4659693726D2419A00D7D658 /* TechPod */;
			targetProxy = 4659695A26D2419D00D7D658 /* PBXContainerItemProxy */;
		};
/* End PBXTargetDependency section */

/* Begin PBXVariantGroup section */
		4659694126D2419A00D7D658 /* Main.storyboard */ = {
			isa = PBXVariantGroup;
			children = (
				4659694226D2419A00D7D658 /* Base */,
			);
			name = Main.storyboard;
			sourceTree = "<group>";
		};
		4659694626D2419D00D7D658 /* LaunchScreen.storyboard */ = {
			isa = PBXVariantGroup;
			children = (
				4659694726D2419D00D7D658 /* Base */,
			);
			name = LaunchScreen.storyboard;
			sourceTree = "<group>";
		};
/* End PBXVariantGroup section */

/* Begin XCBuildConfiguration section */
		4659696026D2419D00D7D658 /* Debug */ = {
			isa = XCBuildConfiguration;
			buildSettings = {
				ALWAYS_SEARCH_USER_PATHS = NO;
				CLANG_ANALYZER_NONNULL = YES;
				CLANG_ANALYZER_NUMBER_OBJECT_CONVERSION = YES_AGGRESSIVE;
				CLANG_CXX_LANGUAGE_STANDARD = "gnu++14";
				CLANG_CXX_LIBRARY = "libc++";
				CLANG_ENABLE_MODULES = YES;
				CLANG_ENABLE_OBJC_ARC = YES;
				CLANG_ENABLE_OBJC_WEAK = YES;
				CLANG_WARN_BLOCK_CAPTURE_AUTORELEASING = YES;
				CLANG_WARN_BOOL_CONVERSION = YES;
				CLANG_WARN_COMMA = YES;
				CLANG_WARN_CONSTANT_CONVERSION = YES;
				CLANG_WARN_DEPRECATED_OBJC_IMPLEMENTATIONS = YES;
				CLANG_WARN_DIRECT_OBJC_ISA_USAGE = YES_ERROR;
				CLANG_WARN_DOCUMENTATION_COMMENTS = YES;
				CLANG_WARN_EMPTY_BODY = YES;
				CLANG_WARN_ENUM_CONVERSION = YES;
				CLANG_WARN_INFINITE_RECURSION = YES;
				CLANG_WARN_INT_CONVERSION = YES;
				CLANG_WARN_NON_LITERAL_NULL_CONVERSION = YES;
				CLANG_WARN_OBJC_IMPLICIT_RETAIN_SELF = YES;
				CLANG_WARN_OBJC_LITERAL_CONVERSION = YES;
				CLANG_WARN_OBJC_ROOT_CLASS = YES_ERROR;
				CLANG_WARN_QUOTED_INCLUDE_IN_FRAMEWORK_HEADER = YES;
				CLANG_WARN_RANGE_LOOP_ANALYSIS = YES;
				CLANG_WARN_STRICT_PROTOTYPES = YES;
				CLANG_WARN_SUSPICIOUS_MOVE = YES;
				CLANG_WARN_UNGUARDED_AVAILABILITY = YES_AGGRESSIVE;
				CLANG_WARN_UNREACHABLE_CODE = YES;
				CLANG_WARN__DUPLICATE_METHOD_MATCH = YES;
				COPY_PHASE_STRIP = NO;
				DEBUG_INFORMATION_FORMAT = dwarf;
				ENABLE_STRICT_OBJC_MSGSEND = YES;
				ENABLE_TESTABILITY = YES;
				GCC_C_LANGUAGE_STANDARD = gnu11;
				GCC_DYNAMIC_NO_PIC = NO;
				GCC_NO_COMMON_BLOCKS = YES;
				GCC_OPTIMIZATION_LEVEL = 0;
				GCC_PREPROCESSOR_DEFINITIONS = (
					"DEBUG=1",
					"$(inherited)",
				);
				GCC_WARN_64_TO_32_BIT_CONVERSION = YES;
				GCC_WARN_ABOUT_RETURN_TYPE = YES_ERROR;
				GCC_WARN_UNDECLARED_SELECTOR = YES;
				GCC_WARN_UNINITIALIZED_AUTOS = YES_AGGRESSIVE;
				GCC_WARN_UNUSED_FUNCTION = YES;
				GCC_WARN_UNUSED_VARIABLE = YES;
				IPHONEOS_DEPLOYMENT_TARGET = 14.4;
				MTL_ENABLE_DEBUG_INFO = INCLUDE_SOURCE;
				MTL_FAST_MATH = YES;
				ONLY_ACTIVE_ARCH = YES;
				SDKROOT = iphoneos;
				SWIFT_ACTIVE_COMPILATION_CONDITIONS = DEBUG;
				SWIFT_OPTIMIZATION_LEVEL = "-Onone";
			};
			name = Debug;
		};
		4659696126D2419D00D7D658 /* Release */ = {
			isa = XCBuildConfiguration;
			buildSettings = {
				ALWAYS_SEARCH_USER_PATHS = NO;
				CLANG_ANALYZER_NONNULL = YES;
				CLANG_ANALYZER_NUMBER_OBJECT_CONVERSION = YES_AGGRESSIVE;
				CLANG_CXX_LANGUAGE_STANDARD = "gnu++14";
				CLANG_CXX_LIBRARY = "libc++";
				CLANG_ENABLE_MODULES = YES;
				CLANG_ENABLE_OBJC_ARC = YES;
				CLANG_ENABLE_OBJC_WEAK = YES;
				CLANG_WARN_BLOCK_CAPTURE_AUTORELEASING = YES;
				CLANG_WARN_BOOL_CONVERSION = YES;
				CLANG_WARN_COMMA = YES;
				CLANG_WARN_CONSTANT_CONVERSION = YES;
				CLANG_WARN_DEPRECATED_OBJC_IMPLEMENTATIONS = YES;
				CLANG_WARN_DIRECT_OBJC_ISA_USAGE = YES_ERROR;
				CLANG_WARN_DOCUMENTATION_COMMENTS = YES;
				CLANG_WARN_EMPTY_BODY = YES;
				CLANG_WARN_ENUM_CONVERSION = YES;
				CLANG_WARN_INFINITE_RECURSION = YES;
				CLANG_WARN_INT_CONVERSION = YES;
				CLANG_WARN_NON_LITERAL_NULL_CONVERSION = YES;
				CLANG_WARN_OBJC_IMPLICIT_RETAIN_SELF = YES;
				CLANG_WARN_OBJC_LITERAL_CONVERSION = YES;
				CLANG_WARN_OBJC_ROOT_CLASS = YES_ERROR;
				CLANG_WARN_QUOTED_INCLUDE_IN_FRAMEWORK_HEADER = YES;
				CLANG_WARN_RANGE_LOOP_ANALYSIS = YES;
				CLANG_WARN_STRICT_PROTOTYPES = YES;
				CLANG_WARN_SUSPICIOUS_MOVE = YES;
				CLANG_WARN_UNGUARDED_AVAILABILITY = YES_AGGRESSIVE;
				CLANG_WARN_UNREACHABLE_CODE = YES;
				CLANG_WARN__DUPLICATE_METHOD_MATCH = YES;
				COPY_PHASE_STRIP = NO;
				DEBUG_INFORMATION_FORMAT = "dwarf-with-dsym";
				ENABLE_NS_ASSERTIONS = NO;
				ENABLE_STRICT_OBJC_MSGSEND = YES;
				GCC_C_LANGUAGE_STANDARD = gnu11;
				GCC_NO_COMMON_BLOCKS = YES;
				GCC_WARN_64_TO_32_BIT_CONVERSION = YES;
				GCC_WARN_ABOUT_RETURN_TYPE = YES_ERROR;
				GCC_WARN_UNDECLARED_SELECTOR = YES;
				GCC_WARN_UNINITIALIZED_AUTOS = YES_AGGRESSIVE;
				GCC_WARN_UNUSED_FUNCTION = YES;
				GCC_WARN_UNUSED_VARIABLE = YES;
				IPHONEOS_DEPLOYMENT_TARGET = 14.4;
				MTL_ENABLE_DEBUG_INFO = NO;
				MTL_FAST_MATH = YES;
				SDKROOT = iphoneos;
				SWIFT_COMPILATION_MODE = wholemodule;
				SWIFT_OPTIMIZATION_LEVEL = "-O";
				VALIDATE_PRODUCT = YES;
			};
			name = Release;
		};
		4659696326D2419D00D7D658 /* Debug */ = {
			isa = XCBuildConfiguration;
			buildSettings = {
				ASSETCATALOG_COMPILER_APPICON_NAME = AppIcon;
				ASSETCATALOG_COMPILER_GLOBAL_ACCENT_COLOR_NAME = AccentColor;
				CODE_SIGN_STYLE = Automatic;
				INFOPLIST_FILE = TechPod/Info.plist;
				LD_RUNPATH_SEARCH_PATHS = (
					"$(inherited)",
					"@executable_path/Frameworks",
				);
				PRODUCT_BUNDLE_IDENTIFIER = app.matsushita.mutton.TechPod;
				PRODUCT_NAME = "$(TARGET_NAME)";
				SWIFT_VERSION = 5.0;
				TARGETED_DEVICE_FAMILY = "1,2";
			};
			name = Debug;
		};
		4659696426D2419D00D7D658 /* Release */ = {
			isa = XCBuildConfiguration;
			buildSettings = {
				ASSETCATALOG_COMPILER_APPICON_NAME = AppIcon;
				ASSETCATALOG_COMPILER_GLOBAL_ACCENT_COLOR_NAME = AccentColor;
				CODE_SIGN_STYLE = Automatic;
				INFOPLIST_FILE = TechPod/Info.plist;
				LD_RUNPATH_SEARCH_PATHS = (
					"$(inherited)",
					"@executable_path/Frameworks",
				);
				PRODUCT_BUNDLE_IDENTIFIER = app.matsushita.mutton.TechPod;
				PRODUCT_NAME = "$(TARGET_NAME)";
				SWIFT_VERSION = 5.0;
				TARGETED_DEVICE_FAMILY = "1,2";
			};
			name = Release;
		};
		4659696626D2419D00D7D658 /* Debug */ = {
			isa = XCBuildConfiguration;
			buildSettings = {
				ALWAYS_EMBED_SWIFT_STANDARD_LIBRARIES = YES;
				BUNDLE_LOADER = "$(TEST_HOST)";
				CODE_SIGN_STYLE = Automatic;
				INFOPLIST_FILE = TechPodTests/Info.plist;
				IPHONEOS_DEPLOYMENT_TARGET = 14.4;
				LD_RUNPATH_SEARCH_PATHS = (
					"$(inherited)",
					"@executable_path/Frameworks",
					"@loader_path/Frameworks",
				);
				PRODUCT_BUNDLE_IDENTIFIER = app.matsushita.mutton.TechPodTests;
				PRODUCT_NAME = "$(TARGET_NAME)";
				SWIFT_VERSION = 5.0;
				TARGETED_DEVICE_FAMILY = "1,2";
				TEST_HOST = "$(BUILT_PRODUCTS_DIR)/TechPod.app/TechPod";
			};
			name = Debug;
		};
		4659696726D2419D00D7D658 /* Release */ = {
			isa = XCBuildConfiguration;
			buildSettings = {
				ALWAYS_EMBED_SWIFT_STANDARD_LIBRARIES = YES;
				BUNDLE_LOADER = "$(TEST_HOST)";
				CODE_SIGN_STYLE = Automatic;
				INFOPLIST_FILE = TechPodTests/Info.plist;
				IPHONEOS_DEPLOYMENT_TARGET = 14.4;
				LD_RUNPATH_SEARCH_PATHS = (
					"$(inherited)",
					"@executable_path/Frameworks",
					"@loader_path/Frameworks",
				);
				PRODUCT_BUNDLE_IDENTIFIER = app.matsushita.mutton.TechPodTests;
				PRODUCT_NAME = "$(TARGET_NAME)";
				SWIFT_VERSION = 5.0;
				TARGETED_DEVICE_FAMILY = "1,2";
				TEST_HOST = "$(BUILT_PRODUCTS_DIR)/TechPod.app/TechPod";
			};
			name = Release;
		};
		4659696926D2419D00D7D658 /* Debug */ = {
			isa = XCBuildConfiguration;
			buildSettings = {
				ALWAYS_EMBED_SWIFT_STANDARD_LIBRARIES = YES;
				CODE_SIGN_STYLE = Automatic;
				INFOPLIST_FILE = TechPodUITests/Info.plist;
				LD_RUNPATH_SEARCH_PATHS = (
					"$(inherited)",
					"@executable_path/Frameworks",
					"@loader_path/Frameworks",
				);
				PRODUCT_BUNDLE_IDENTIFIER = app.matsushita.mutton.TechPodUITests;
				PRODUCT_NAME = "$(TARGET_NAME)";
				SWIFT_VERSION = 5.0;
				TARGETED_DEVICE_FAMILY = "1,2";
				TEST_TARGET_NAME = TechPod;
			};
			name = Debug;
		};
		4659696A26D2419D00D7D658 /* Release */ = {
			isa = XCBuildConfiguration;
			buildSettings = {
				ALWAYS_EMBED_SWIFT_STANDARD_LIBRARIES = YES;
				CODE_SIGN_STYLE = Automatic;
				INFOPLIST_FILE = TechPodUITests/Info.plist;
				LD_RUNPATH_SEARCH_PATHS = (
					"$(inherited)",
					"@executable_path/Frameworks",
					"@loader_path/Frameworks",
				);
				PRODUCT_BUNDLE_IDENTIFIER = app.matsushita.mutton.TechPodUITests;
				PRODUCT_NAME = "$(TARGET_NAME)";
				SWIFT_VERSION = 5.0;
				TARGETED_DEVICE_FAMILY = "1,2";
				TEST_TARGET_NAME = TechPod;
			};
			name = Release;
		};
/* End XCBuildConfiguration section */

/* Begin XCConfigurationList section */
		4659693326D2419A00D7D658 /* Build configuration list for PBXProject "TechPod" */ = {
			isa = XCConfigurationList;
			buildConfigurations = (
				4659696026D2419D00D7D658 /* Debug */,
				4659696126D2419D00D7D658 /* Release */,
			);
			defaultConfigurationIsVisible = 0;
			defaultConfigurationName = Release;
		};
		4659696226D2419D00D7D658 /* Build configuration list for PBXNativeTarget "TechPod" */ = {
			isa = XCConfigurationList;
			buildConfigurations = (
				4659696326D2419D00D7D658 /* Debug */,
				4659696426D2419D00D7D658 /* Release */,
			);
			defaultConfigurationIsVisible = 0;
			defaultConfigurationName = Release;
		};
		4659696526D2419D00D7D658 /* Build configuration list for PBXNativeTarget "TechPodTests" */ = {
			isa = XCConfigurationList;
			buildConfigurations = (
				4659696626D2419D00D7D658 /* Debug */,
				4659696726D2419D00D7D658 /* Release */,
			);
			defaultConfigurationIsVisible = 0;
			defaultConfigurationName = Release;
		};
		4659696826D2419D00D7D658 /* Build configuration list for PBXNativeTarget "TechPodUITests" */ = {
			isa = XCConfigurationList;
			buildConfigurations = (
				4659696926D2419D00D7D658 /* Debug */,
				4659696A26D2419D00D7D658 /* Release */,
			);
			defaultConfigurationIsVisible = 0;
			defaultConfigurationName = Release;
		};
/* End XCConfigurationList section */
	};
	rootObject = 4659693026D2419A00D7D658 /* Project object */;
}
